// !$*UTF8*$!
{
	archiveVersion = 1;
	classes = {
	};
	objectVersion = 56;
	objects = {

/* Begin PBXBuildFile section */
		7766BF272AD8C87400AABA44 /* Uppgift1App.swift in Sources */ = {isa = PBXBuildFile; fileRef = 7766BF262AD8C87400AABA44 /* Uppgift1App.swift */; };
		7766BF292AD8C87400AABA44 /* ContentView.swift in Sources */ = {isa = PBXBuildFile; fileRef = 7766BF282AD8C87400AABA44 /* ContentView.swift */; };
		7766BF2B2AD8C87600AABA44 /* Assets.xcassets in Resources */ = {isa = PBXBuildFile; fileRef = 7766BF2A2AD8C87600AABA44 /* Assets.xcassets */; };
		7766BF2E2AD8C87600AABA44 /* Preview Assets.xcassets in Resources */ = {isa = PBXBuildFile; fileRef = 7766BF2D2AD8C87600AABA44 /* Preview Assets.xcassets */; };
		7766BF302AD8C87600AABA44 /* Persistence.swift in Sources */ = {isa = PBXBuildFile; fileRef = 7766BF2F2AD8C87600AABA44 /* Persistence.swift */; };
		7766BF332AD8C87600AABA44 /* Uppgift1.xcdatamodeld in Sources */ = {isa = PBXBuildFile; fileRef = 7766BF312AD8C87600AABA44 /* Uppgift1.xcdatamodeld */; };
		7766BF3D2AD8C87600AABA44 /* Uppgift1Tests.swift in Sources */ = {isa = PBXBuildFile; fileRef = 7766BF3C2AD8C87600AABA44 /* Uppgift1Tests.swift */; };
		7766BF472AD8C87600AABA44 /* Uppgift1UITests.swift in Sources */ = {isa = PBXBuildFile; fileRef = 7766BF462AD8C87600AABA44 /* Uppgift1UITests.swift */; };
		7766BF492AD8C87600AABA44 /* Uppgift1UITestsLaunchTests.swift in Sources */ = {isa = PBXBuildFile; fileRef = 7766BF482AD8C87600AABA44 /* Uppgift1UITestsLaunchTests.swift */; };
/* End PBXBuildFile section */

/* Begin PBXContainerItemProxy section */
		7766BF392AD8C87600AABA44 /* PBXContainerItemProxy */ = {
			isa = PBXContainerItemProxy;
			containerPortal = 7766BF1B2AD8C87400AABA44 /* Project object */;
			proxyType = 1;
			remoteGlobalIDString = 7766BF222AD8C87400AABA44;
			remoteInfo = Uppgift1;
		};
		7766BF432AD8C87600AABA44 /* PBXContainerItemProxy */ = {
			isa = PBXContainerItemProxy;
			containerPortal = 7766BF1B2AD8C87400AABA44 /* Project object */;
			proxyType = 1;
			remoteGlobalIDString = 7766BF222AD8C87400AABA44;
			remoteInfo = Uppgift1;
		};
/* End PBXContainerItemProxy section */

/* Begin PBXFileReference section */
		7766BF232AD8C87400AABA44 /* Uppgift1.app */ = {isa = PBXFileReference; explicitFileType = wrapper.application; includeInIndex = 0; path = Uppgift1.app; sourceTree = BUILT_PRODUCTS_DIR; };
		7766BF262AD8C87400AABA44 /* Uppgift1App.swift */ = {isa = PBXFileReference; lastKnownFileType = sourcecode.swift; path = Uppgift1App.swift; sourceTree = "<group>"; };
		7766BF282AD8C87400AABA44 /* ContentView.swift */ = {isa = PBXFileReference; lastKnownFileType = sourcecode.swift; path = ContentView.swift; sourceTree = "<group>"; };
		7766BF2A2AD8C87600AABA44 /* Assets.xcassets */ = {isa = PBXFileReference; lastKnownFileType = folder.assetcatalog; path = Assets.xcassets; sourceTree = "<group>"; };
		7766BF2D2AD8C87600AABA44 /* Preview Assets.xcassets */ = {isa = PBXFileReference; lastKnownFileType = folder.assetcatalog; path = "Preview Assets.xcassets"; sourceTree = "<group>"; };
		7766BF2F2AD8C87600AABA44 /* Persistence.swift */ = {isa = PBXFileReference; lastKnownFileType = sourcecode.swift; path = Persistence.swift; sourceTree = "<group>"; };
		7766BF322AD8C87600AABA44 /* Uppgift1.xcdatamodel */ = {isa = PBXFileReference; lastKnownFileType = wrapper.xcdatamodel; path = Uppgift1.xcdatamodel; sourceTree = "<group>"; };
		7766BF382AD8C87600AABA44 /* Uppgift1Tests.xctest */ = {isa = PBXFileReference; explicitFileType = wrapper.cfbundle; includeInIndex = 0; path = Uppgift1Tests.xctest; sourceTree = BUILT_PRODUCTS_DIR; };
		7766BF3C2AD8C87600AABA44 /* Uppgift1Tests.swift */ = {isa = PBXFileReference; lastKnownFileType = sourcecode.swift; path = Uppgift1Tests.swift; sourceTree = "<group>"; };
		7766BF422AD8C87600AABA44 /* Uppgift1UITests.xctest */ = {isa = PBXFileReference; explicitFileType = wrapper.cfbundle; includeInIndex = 0; path = Uppgift1UITests.xctest; sourceTree = BUILT_PRODUCTS_DIR; };
		7766BF462AD8C87600AABA44 /* Uppgift1UITests.swift */ = {isa = PBXFileReference; lastKnownFileType = sourcecode.swift; path = Uppgift1UITests.swift; sourceTree = "<group>"; };
		7766BF482AD8C87600AABA44 /* Uppgift1UITestsLaunchTests.swift */ = {isa = PBXFileReference; lastKnownFileType = sourcecode.swift; path = Uppgift1UITestsLaunchTests.swift; sourceTree = "<group>"; };
/* End PBXFileReference section */

/* Begin PBXFrameworksBuildPhase section */
		7766BF202AD8C87400AABA44 /* Frameworks */ = {
			isa = PBXFrameworksBuildPhase;
			buildActionMask = 2147483647;
			files = (
			);
			runOnlyForDeploymentPostprocessing = 0;
		};
		7766BF352AD8C87600AABA44 /* Frameworks */ = {
			isa = PBXFrameworksBuildPhase;
			buildActionMask = 2147483647;
			files = (
			);
			runOnlyForDeploymentPostprocessing = 0;
		};
		7766BF3F2AD8C87600AABA44 /* Frameworks */ = {
			isa = PBXFrameworksBuildPhase;
			buildActionMask = 2147483647;
			files = (
			);
			runOnlyForDeploymentPostprocessing = 0;
		};
/* End PBXFrameworksBuildPhase section */

/* Begin PBXGroup section */
		7766BF1A2AD8C87400AABA44 = {
			isa = PBXGroup;
			children = (
				7766BF252AD8C87400AABA44 /* Uppgift1 */,
				7766BF3B2AD8C87600AABA44 /* Uppgift1Tests */,
				7766BF452AD8C87600AABA44 /* Uppgift1UITests */,
				7766BF242AD8C87400AABA44 /* Products */,
			);
			sourceTree = "<group>";
		};
		7766BF242AD8C87400AABA44 /* Products */ = {
			isa = PBXGroup;
			children = (
				7766BF232AD8C87400AABA44 /* Uppgift1.app */,
				7766BF382AD8C87600AABA44 /* Uppgift1Tests.xctest */,
				7766BF422AD8C87600AABA44 /* Uppgift1UITests.xctest */,
			);
			name = Products;
			sourceTree = "<group>";
		};
		7766BF252AD8C87400AABA44 /* Uppgift1 */ = {
			isa = PBXGroup;
			children = (
				7766BF262AD8C87400AABA44 /* Uppgift1App.swift */,
				7766BF282AD8C87400AABA44 /* ContentView.swift */,
				7766BF2A2AD8C87600AABA44 /* Assets.xcassets */,
				7766BF2F2AD8C87600AABA44 /* Persistence.swift */,
				7766BF312AD8C87600AABA44 /* Uppgift1.xcdatamodeld */,
				7766BF2C2AD8C87600AABA44 /* Preview Content */,
			);
			path = Uppgift1;
			sourceTree = "<group>";
		};
		7766BF2C2AD8C87600AABA44 /* Preview Content */ = {
			isa = PBXGroup;
			children = (
				7766BF2D2AD8C87600AABA44 /* Preview Assets.xcassets */,
			);
			path = "Preview Content";
			sourceTree = "<group>";
		};
		7766BF3B2AD8C87600AABA44 /* Uppgift1Tests */ = {
			isa = PBXGroup;
			children = (
				7766BF3C2AD8C87600AABA44 /* Uppgift1Tests.swift */,
			);
			path = Uppgift1Tests;
			sourceTree = "<group>";
		};
		7766BF452AD8C87600AABA44 /* Uppgift1UITests */ = {
			isa = PBXGroup;
			children = (
				7766BF462AD8C87600AABA44 /* Uppgift1UITests.swift */,
				7766BF482AD8C87600AABA44 /* Uppgift1UITestsLaunchTests.swift */,
			);
			path = Uppgift1UITests;
			sourceTree = "<group>";
		};
/* End PBXGroup section */

/* Begin PBXNativeTarget section */
		7766BF222AD8C87400AABA44 /* Uppgift1 */ = {
			isa = PBXNativeTarget;
			buildConfigurationList = 7766BF4C2AD8C87600AABA44 /* Build configuration list for PBXNativeTarget "Uppgift1" */;
			buildPhases = (
				7766BF1F2AD8C87400AABA44 /* Sources */,
				7766BF202AD8C87400AABA44 /* Frameworks */,
				7766BF212AD8C87400AABA44 /* Resources */,
			);
			buildRules = (
			);
			dependencies = (
			);
			name = Uppgift1;
			productName = Uppgift1;
			productReference = 7766BF232AD8C87400AABA44 /* Uppgift1.app */;
			productType = "com.apple.product-type.application";
		};
		7766BF372AD8C87600AABA44 /* Uppgift1Tests */ = {
			isa = PBXNativeTarget;
			buildConfigurationList = 7766BF4F2AD8C87600AABA44 /* Build configuration list for PBXNativeTarget "Uppgift1Tests" */;
			buildPhases = (
				7766BF342AD8C87600AABA44 /* Sources */,
				7766BF352AD8C87600AABA44 /* Frameworks */,
				7766BF362AD8C87600AABA44 /* Resources */,
			);
			buildRules = (
			);
			dependencies = (
				7766BF3A2AD8C87600AABA44 /* PBXTargetDependency */,
			);
			name = Uppgift1Tests;
			productName = Uppgift1Tests;
			productReference = 7766BF382AD8C87600AABA44 /* Uppgift1Tests.xctest */;
			productType = "com.apple.product-type.bundle.unit-test";
		};
		7766BF412AD8C87600AABA44 /* Uppgift1UITests */ = {
			isa = PBXNativeTarget;
			buildConfigurationList = 7766BF522AD8C87600AABA44 /* Build configuration list for PBXNativeTarget "Uppgift1UITests" */;
			buildPhases = (
				7766BF3E2AD8C87600AABA44 /* Sources */,
				7766BF3F2AD8C87600AABA44 /* Frameworks */,
				7766BF402AD8C87600AABA44 /* Resources */,
			);
			buildRules = (
			);
			dependencies = (
				7766BF442AD8C87600AABA44 /* PBXTargetDependency */,
			);
			name = Uppgift1UITests;
			productName = Uppgift1UITests;
			productReference = 7766BF422AD8C87600AABA44 /* Uppgift1UITests.xctest */;
			productType = "com.apple.product-type.bundle.ui-testing";
		};
/* End PBXNativeTarget section */

/* Begin PBXProject section */
		7766BF1B2AD8C87400AABA44 /* Project object */ = {
			isa = PBXProject;
			attributes = {
				BuildIndependentTargetsInParallel = 1;
				LastSwiftUpdateCheck = 1430;
				LastUpgradeCheck = 1430;
				TargetAttributes = {
					7766BF222AD8C87400AABA44 = {
						CreatedOnToolsVersion = 14.3.1;
					};
					7766BF372AD8C87600AABA44 = {
						CreatedOnToolsVersion = 14.3.1;
						TestTargetID = 7766BF222AD8C87400AABA44;
					};
					7766BF412AD8C87600AABA44 = {
						CreatedOnToolsVersion = 14.3.1;
						TestTargetID = 7766BF222AD8C87400AABA44;
					};
				};
			};
			buildConfigurationList = 7766BF1E2AD8C87400AABA44 /* Build configuration list for PBXProject "Uppgift1" */;
			compatibilityVersion = "Xcode 14.0";
			developmentRegion = en;
			hasScannedForEncodings = 0;
			knownRegions = (
				en,
				Base,
			);
			mainGroup = 7766BF1A2AD8C87400AABA44;
			productRefGroup = 7766BF242AD8C87400AABA44 /* Products */;
			projectDirPath = "";
			projectRoot = "";
			targets = (
				7766BF222AD8C87400AABA44 /* Uppgift1 */,
				7766BF372AD8C87600AABA44 /* Uppgift1Tests */,
				7766BF412AD8C87600AABA44 /* Uppgift1UITests */,
			);
		};
/* End PBXProject section */

/* Begin PBXResourcesBuildPhase section */
		7766BF212AD8C87400AABA44 /* Resources */ = {
			isa = PBXResourcesBuildPhase;
			buildActionMask = 2147483647;
			files = (
				7766BF2E2AD8C87600AABA44 /* Preview Assets.xcassets in Resources */,
				7766BF2B2AD8C87600AABA44 /* Assets.xcassets in Resources */,
			);
			runOnlyForDeploymentPostprocessing = 0;
		};
		7766BF362AD8C87600AABA44 /* Resources */ = {
			isa = PBXResourcesBuildPhase;
			buildActionMask = 2147483647;
			files = (
			);
			runOnlyForDeploymentPostprocessing = 0;
		};
		7766BF402AD8C87600AABA44 /* Resources */ = {
			isa = PBXResourcesBuildPhase;
			buildActionMask = 2147483647;
			files = (
			);
			runOnlyForDeploymentPostprocessing = 0;
		};
/* End PBXResourcesBuildPhase section */

/* Begin PBXSourcesBuildPhase section */
		7766BF1F2AD8C87400AABA44 /* Sources */ = {
			isa = PBXSourcesBuildPhase;
			buildActionMask = 2147483647;
			files = (
				7766BF302AD8C87600AABA44 /* Persistence.swift in Sources */,
				7766BF332AD8C87600AABA44 /* Uppgift1.xcdatamodeld in Sources */,
				7766BF292AD8C87400AABA44 /* ContentView.swift in Sources */,
				7766BF272AD8C87400AABA44 /* Uppgift1App.swift in Sources */,
			);
			runOnlyForDeploymentPostprocessing = 0;
		};
		7766BF342AD8C87600AABA44 /* Sources */ = {
			isa = PBXSourcesBuildPhase;
			buildActionMask = 2147483647;
			files = (
				7766BF3D2AD8C87600AABA44 /* Uppgift1Tests.swift in Sources */,
			);
			runOnlyForDeploymentPostprocessing = 0;
		};
		7766BF3E2AD8C87600AABA44 /* Sources */ = {
			isa = PBXSourcesBuildPhase;
			buildActionMask = 2147483647;
			files = (
				7766BF492AD8C87600AABA44 /* Uppgift1UITestsLaunchTests.swift in Sources */,
				7766BF472AD8C87600AABA44 /* Uppgift1UITests.swift in Sources */,
			);
			runOnlyForDeploymentPostprocessing = 0;
		};
/* End PBXSourcesBuildPhase section */

/* Begin PBXTargetDependency section */
		7766BF3A2AD8C87600AABA44 /* PBXTargetDependency */ = {
			isa = PBXTargetDependency;
			target = 7766BF222AD8C87400AABA44 /* Uppgift1 */;
			targetProxy = 7766BF392AD8C87600AABA44 /* PBXContainerItemProxy */;
		};
		7766BF442AD8C87600AABA44 /* PBXTargetDependency */ = {
			isa = PBXTargetDependency;
			target = 7766BF222AD8C87400AABA44 /* Uppgift1 */;
			targetProxy = 7766BF432AD8C87600AABA44 /* PBXContainerItemProxy */;
		};
/* End PBXTargetDependency section */

/* Begin XCBuildConfiguration section */
		7766BF4A2AD8C87600AABA44 /* Debug */ = {
			isa = XCBuildConfiguration;
			buildSettings = {
				ALWAYS_SEARCH_USER_PATHS = NO;
				CLANG_ANALYZER_NONNULL = YES;
				CLANG_ANALYZER_NUMBER_OBJECT_CONVERSION = YES_AGGRESSIVE;
				CLANG_CXX_LANGUAGE_STANDARD = "gnu++20";
				CLANG_ENABLE_MODULES = YES;
				CLANG_ENABLE_OBJC_ARC = YES;
				CLANG_ENABLE_OBJC_WEAK = YES;
				CLANG_WARN_BLOCK_CAPTURE_AUTORELEASING = YES;
				CLANG_WARN_BOOL_CONVERSION = YES;
				CLANG_WARN_COMMA = YES;
				CLANG_WARN_CONSTANT_CONVERSION = YES;
				CLANG_WARN_DEPRECATED_OBJC_IMPLEMENTATIONS = YES;
				CLANG_WARN_DIRECT_OBJC_ISA_USAGE = YES_ERROR;
				CLANG_WARN_DOCUMENTATION_COMMENTS = YES;
				CLANG_WARN_EMPTY_BODY = YES;
				CLANG_WARN_ENUM_CONVERSION = YES;
				CLANG_WARN_INFINITE_RECURSION = YES;
				CLANG_WARN_INT_CONVERSION = YES;
				CLANG_WARN_NON_LITERAL_NULL_CONVERSION = YES;
				CLANG_WARN_OBJC_IMPLICIT_RETAIN_SELF = YES;
				CLANG_WARN_OBJC_LITERAL_CONVERSION = YES;
				CLANG_WARN_OBJC_ROOT_CLASS = YES_ERROR;
				CLANG_WARN_QUOTED_INCLUDE_IN_FRAMEWORK_HEADER = YES;
				CLANG_WARN_RANGE_LOOP_ANALYSIS = YES;
				CLANG_WARN_STRICT_PROTOTYPES = YES;
				CLANG_WARN_SUSPICIOUS_MOVE = YES;
				CLANG_WARN_UNGUARDED_AVAILABILITY = YES_AGGRESSIVE;
				CLANG_WARN_UNREACHABLE_CODE = YES;
				CLANG_WARN__DUPLICATE_METHOD_MATCH = YES;
				COPY_PHASE_STRIP = NO;
				DEBUG_INFORMATION_FORMAT = dwarf;
				ENABLE_STRICT_OBJC_MSGSEND = YES;
				ENABLE_TESTABILITY = YES;
				GCC_C_LANGUAGE_STANDARD = gnu11;
				GCC_DYNAMIC_NO_PIC = NO;
				GCC_NO_COMMON_BLOCKS = YES;
				GCC_OPTIMIZATION_LEVEL = 0;
				GCC_PREPROCESSOR_DEFINITIONS = (
					"DEBUG=1",
					"$(inherited)",
				);
				GCC_WARN_64_TO_32_BIT_CONVERSION = YES;
				GCC_WARN_ABOUT_RETURN_TYPE = YES_ERROR;
				GCC_WARN_UNDECLARED_SELECTOR = YES;
				GCC_WARN_UNINITIALIZED_AUTOS = YES_AGGRESSIVE;
				GCC_WARN_UNUSED_FUNCTION = YES;
				GCC_WARN_UNUSED_VARIABLE = YES;
				IPHONEOS_DEPLOYMENT_TARGET = 16.4;
				MTL_ENABLE_DEBUG_INFO = INCLUDE_SOURCE;
				MTL_FAST_MATH = YES;
				ONLY_ACTIVE_ARCH = YES;
				SDKROOT = iphoneos;
				SWIFT_ACTIVE_COMPILATION_CONDITIONS = DEBUG;
				SWIFT_OPTIMIZATION_LEVEL = "-Onone";
			};
			name = Debug;
		};
		7766BF4B2AD8C87600AABA44 /* Release */ = {
			isa = XCBuildConfiguration;
			buildSettings = {
				ALWAYS_SEARCH_USER_PATHS = NO;
				CLANG_ANALYZER_NONNULL = YES;
				CLANG_ANALYZER_NUMBER_OBJECT_CONVERSION = YES_AGGRESSIVE;
				CLANG_CXX_LANGUAGE_STANDARD = "gnu++20";
				CLANG_ENABLE_MODULES = YES;
				CLANG_ENABLE_OBJC_ARC = YES;
				CLANG_ENABLE_OBJC_WEAK = YES;
				CLANG_WARN_BLOCK_CAPTURE_AUTORELEASING = YES;
				CLANG_WARN_BOOL_CONVERSION = YES;
				CLANG_WARN_COMMA = YES;
				CLANG_WARN_CONSTANT_CONVERSION = YES;
				CLANG_WARN_DEPRECATED_OBJC_IMPLEMENTATIONS = YES;
				CLANG_WARN_DIRECT_OBJC_ISA_USAGE = YES_ERROR;
				CLANG_WARN_DOCUMENTATION_COMMENTS = YES;
				CLANG_WARN_EMPTY_BODY = YES;
				CLANG_WARN_ENUM_CONVERSION = YES;
				CLANG_WARN_INFINITE_RECURSION = YES;
				CLANG_WARN_INT_CONVERSION = YES;
				CLANG_WARN_NON_LITERAL_NULL_CONVERSION = YES;
				CLANG_WARN_OBJC_IMPLICIT_RETAIN_SELF = YES;
				CLANG_WARN_OBJC_LITERAL_CONVERSION = YES;
				CLANG_WARN_OBJC_ROOT_CLASS = YES_ERROR;
				CLANG_WARN_QUOTED_INCLUDE_IN_FRAMEWORK_HEADER = YES;
				CLANG_WARN_RANGE_LOOP_ANALYSIS = YES;
				CLANG_WARN_STRICT_PROTOTYPES = YES;
				CLANG_WARN_SUSPICIOUS_MOVE = YES;
				CLANG_WARN_UNGUARDED_AVAILABILITY = YES_AGGRESSIVE;
				CLANG_WARN_UNREACHABLE_CODE = YES;
				CLANG_WARN__DUPLICATE_METHOD_MATCH = YES;
				COPY_PHASE_STRIP = NO;
				DEBUG_INFORMATION_FORMAT = "dwarf-with-dsym";
				ENABLE_NS_ASSERTIONS = NO;
				ENABLE_STRICT_OBJC_MSGSEND = YES;
				GCC_C_LANGUAGE_STANDARD = gnu11;
				GCC_NO_COMMON_BLOCKS = YES;
				GCC_WARN_64_TO_32_BIT_CONVERSION = YES;
				GCC_WARN_ABOUT_RETURN_TYPE = YES_ERROR;
				GCC_WARN_UNDECLARED_SELECTOR = YES;
				GCC_WARN_UNINITIALIZED_AUTOS = YES_AGGRESSIVE;
				GCC_WARN_UNUSED_FUNCTION = YES;
				GCC_WARN_UNUSED_VARIABLE = YES;
				IPHONEOS_DEPLOYMENT_TARGET = 16.4;
				MTL_ENABLE_DEBUG_INFO = NO;
				MTL_FAST_MATH = YES;
				SDKROOT = iphoneos;
				SWIFT_COMPILATION_MODE = wholemodule;
				SWIFT_OPTIMIZATION_LEVEL = "-O";
				VALIDATE_PRODUCT = YES;
			};
			name = Release;
		};
		7766BF4D2AD8C87600AABA44 /* Debug */ = {
			isa = XCBuildConfiguration;
			buildSettings = {
				ASSETCATALOG_COMPILER_APPICON_NAME = AppIcon;
				ASSETCATALOG_COMPILER_GLOBAL_ACCENT_COLOR_NAME = AccentColor;
				CODE_SIGN_STYLE = Automatic;
				CURRENT_PROJECT_VERSION = 1;
				DEVELOPMENT_ASSET_PATHS = "\"Uppgift1/Preview Content\"";
				DEVELOPMENT_TEAM = F9KZ48GR4N;
				ENABLE_PREVIEWS = YES;
				GENERATE_INFOPLIST_FILE = YES;
				INFOPLIST_KEY_UIApplicationSceneManifest_Generation = YES;
				INFOPLIST_KEY_UIApplicationSupportsIndirectInputEvents = YES;
				INFOPLIST_KEY_UILaunchScreen_Generation = YES;
				INFOPLIST_KEY_UISupportedInterfaceOrientations_iPad = "UIInterfaceOrientationPortrait UIInterfaceOrientationPortraitUpsideDown UIInterfaceOrientationLandscapeLeft UIInterfaceOrientationLandscapeRight";
				INFOPLIST_KEY_UISupportedInterfaceOrientations_iPhone = "UIInterfaceOrientationPortrait UIInterfaceOrientationLandscapeLeft UIInterfaceOrientationLandscapeRight";
				LD_RUNPATH_SEARCH_PATHS = (
					"$(inherited)",
					"@executable_path/Frameworks",
				);
				MARKETING_VERSION = 1.0;
				PRODUCT_BUNDLE_IDENTIFIER = Wigu.Uppgift1;
				PRODUCT_NAME = "$(TARGET_NAME)";
				SWIFT_EMIT_LOC_STRINGS = YES;
				SWIFT_VERSION = 5.0;
				TARGETED_DEVICE_FAMILY = "1,2";
			};
			name = Debug;
		};
		7766BF4E2AD8C87600AABA44 /* Release */ = {
			isa = XCBuildConfiguration;
			buildSettings = {
				ASSETCATALOG_COMPILER_APPICON_NAME = AppIcon;
				ASSETCATALOG_COMPILER_GLOBAL_ACCENT_COLOR_NAME = AccentColor;
				CODE_SIGN_STYLE = Automatic;
				CURRENT_PROJECT_VERSION = 1;
				DEVELOPMENT_ASSET_PATHS = "\"Uppgift1/Preview Content\"";
				DEVELOPMENT_TEAM = F9KZ48GR4N;
				ENABLE_PREVIEWS = YES;
				GENERATE_INFOPLIST_FILE = YES;
				INFOPLIST_KEY_UIApplicationSceneManifest_Generation = YES;
				INFOPLIST_KEY_UIApplicationSupportsIndirectInputEvents = YES;
				INFOPLIST_KEY_UILaunchScreen_Generation = YES;
				INFOPLIST_KEY_UISupportedInterfaceOrientations_iPad = "UIInterfaceOrientationPortrait UIInterfaceOrientationPortraitUpsideDown UIInterfaceOrientationLandscapeLeft UIInterfaceOrientationLandscapeRight";
				INFOPLIST_KEY_UISupportedInterfaceOrientations_iPhone = "UIInterfaceOrientationPortrait UIInterfaceOrientationLandscapeLeft UIInterfaceOrientationLandscapeRight";
				LD_RUNPATH_SEARCH_PATHS = (
					"$(inherited)",
					"@executable_path/Frameworks",
				);
				MARKETING_VERSION = 1.0;
				PRODUCT_BUNDLE_IDENTIFIER = Wigu.Uppgift1;
				PRODUCT_NAME = "$(TARGET_NAME)";
				SWIFT_EMIT_LOC_STRINGS = YES;
				SWIFT_VERSION = 5.0;
				TARGETED_DEVICE_FAMILY = "1,2";
			};
			name = Release;
		};
		7766BF502AD8C87600AABA44 /* Debug */ = {
			isa = XCBuildConfiguration;
			buildSettings = {
				ALWAYS_EMBED_SWIFT_STANDARD_LIBRARIES = YES;
				BUNDLE_LOADER = "$(TEST_HOST)";
				CODE_SIGN_STYLE = Automatic;
				CURRENT_PROJECT_VERSION = 1;
				DEVELOPMENT_TEAM = F9KZ48GR4N;
				GENERATE_INFOPLIST_FILE = YES;
				IPHONEOS_DEPLOYMENT_TARGET = 16.4;
				MARKETING_VERSION = 1.0;
				PRODUCT_BUNDLE_IDENTIFIER = Wigu.Uppgift1Tests;
				PRODUCT_NAME = "$(TARGET_NAME)";
				SWIFT_EMIT_LOC_STRINGS = NO;
				SWIFT_VERSION = 5.0;
				TARGETED_DEVICE_FAMILY = "1,2";
				TEST_HOST = "$(BUILT_PRODUCTS_DIR)/Uppgift1.app/$(BUNDLE_EXECUTABLE_FOLDER_PATH)/Uppgift1";
			};
			name = Debug;
		};
		7766BF512AD8C87600AABA44 /* Release */ = {
			isa = XCBuildConfiguration;
			buildSettings = {
				ALWAYS_EMBED_SWIFT_STANDARD_LIBRARIES = YES;
				BUNDLE_LOADER = "$(TEST_HOST)";
				CODE_SIGN_STYLE = Automatic;
				CURRENT_PROJECT_VERSION = 1;
				DEVELOPMENT_TEAM = F9KZ48GR4N;
				GENERATE_INFOPLIST_FILE = YES;
				IPHONEOS_DEPLOYMENT_TARGET = 16.4;
				MARKETING_VERSION = 1.0;
				PRODUCT_BUNDLE_IDENTIFIER = Wigu.Uppgift1Tests;
				PRODUCT_NAME = "$(TARGET_NAME)";
				SWIFT_EMIT_LOC_STRINGS = NO;
				SWIFT_VERSION = 5.0;
				TARGETED_DEVICE_FAMILY = "1,2";
				TEST_HOST = "$(BUILT_PRODUCTS_DIR)/Uppgift1.app/$(BUNDLE_EXECUTABLE_FOLDER_PATH)/Uppgift1";
			};
			name = Release;
		};
		7766BF532AD8C87600AABA44 /* Debug */ = {
			isa = XCBuildConfiguration;
			buildSettings = {
				ALWAYS_EMBED_SWIFT_STANDARD_LIBRARIES = YES;
				CODE_SIGN_STYLE = Automatic;
				CURRENT_PROJECT_VERSION = 1;
				DEVELOPMENT_TEAM = F9KZ48GR4N;
				GENERATE_INFOPLIST_FILE = YES;
				MARKETING_VERSION = 1.0;
				PRODUCT_BUNDLE_IDENTIFIER = Wigu.Uppgift1UITests;
				PRODUCT_NAME = "$(TARGET_NAME)";
				SWIFT_EMIT_LOC_STRINGS = NO;
				SWIFT_VERSION = 5.0;
				TARGETED_DEVICE_FAMILY = "1,2";
				TEST_TARGET_NAME = Uppgift1;
			};
			name = Debug;
		};
		7766BF542AD8C87600AABA44 /* Release */ = {
			isa = XCBuildConfiguration;
			buildSettings = {
				ALWAYS_EMBED_SWIFT_STANDARD_LIBRARIES = YES;
				CODE_SIGN_STYLE = Automatic;
				CURRENT_PROJECT_VERSION = 1;
				DEVELOPMENT_TEAM = F9KZ48GR4N;
				GENERATE_INFOPLIST_FILE = YES;
				MARKETING_VERSION = 1.0;
				PRODUCT_BUNDLE_IDENTIFIER = Wigu.Uppgift1UITests;
				PRODUCT_NAME = "$(TARGET_NAME)";
				SWIFT_EMIT_LOC_STRINGS = NO;
				SWIFT_VERSION = 5.0;
				TARGETED_DEVICE_FAMILY = "1,2";
				TEST_TARGET_NAME = Uppgift1;
			};
			name = Release;
		};
/* End XCBuildConfiguration section */

/* Begin XCConfigurationList section */
		7766BF1E2AD8C87400AABA44 /* Build configuration list for PBXProject "Uppgift1" */ = {
			isa = XCConfigurationList;
			buildConfigurations = (
				7766BF4A2AD8C87600AABA44 /* Debug */,
				7766BF4B2AD8C87600AABA44 /* Release */,
			);
			defaultConfigurationIsVisible = 0;
			defaultConfigurationName = Release;
		};
		7766BF4C2AD8C87600AABA44 /* Build configuration list for PBXNativeTarget "Uppgift1" */ = {
			isa = XCConfigurationList;
			buildConfigurations = (
				7766BF4D2AD8C87600AABA44 /* Debug */,
				7766BF4E2AD8C87600AABA44 /* Release */,
			);
			defaultConfigurationIsVisible = 0;
			defaultConfigurationName = Release;
		};
		7766BF4F2AD8C87600AABA44 /* Build configuration list for PBXNativeTarget "Uppgift1Tests" */ = {
			isa = XCConfigurationList;
			buildConfigurations = (
				7766BF502AD8C87600AABA44 /* Debug */,
				7766BF512AD8C87600AABA44 /* Release */,
			);
			defaultConfigurationIsVisible = 0;
			defaultConfigurationName = Release;
		};
		7766BF522AD8C87600AABA44 /* Build configuration list for PBXNativeTarget "Uppgift1UITests" */ = {
			isa = XCConfigurationList;
			buildConfigurations = (
				7766BF532AD8C87600AABA44 /* Debug */,
				7766BF542AD8C87600AABA44 /* Release */,
			);
			defaultConfigurationIsVisible = 0;
			defaultConfigurationName = Release;
		};
/* End XCConfigurationList section */

/* Begin XCVersionGroup section */
		7766BF312AD8C87600AABA44 /* Uppgift1.xcdatamodeld */ = {
			isa = XCVersionGroup;
			children = (
				7766BF322AD8C87600AABA44 /* Uppgift1.xcdatamodel */,
			);
			currentVersion = 7766BF322AD8C87600AABA44 /* Uppgift1.xcdatamodel */;
			path = Uppgift1.xcdatamodeld;
			sourceTree = "<group>";
			versionGroupType = wrapper.xcdatamodel;
		};
/* End XCVersionGroup section */
	};
	rootObject = 7766BF1B2AD8C87400AABA44 /* Project object */;
}
